
Microsoft Visual Studio Solution File, Format Version 12.00
# Visual Studio Version 16
VisualStudioVersion = 16.0.28803.156
MinimumVisualStudioVersion = 10.0.40219.1
Project("{9A19103F-16F7-4668-BE54-9A1E7A4F7556}") = "BookMicrosoftVersion", "Project1\BookMicrosoftVersion.csproj", "{5A7A4FB0-C081-41A0-976C-A91E8B36646E}"
EndProject
Global
	GlobalSection(SolutionConfigurationPlatforms) = preSolution
		Debug|Any CPU = Debug|Any CPU
		Release|Any CPU = Release|Any CPU
	EndGlobalSection
	GlobalSection(ProjectConfigurationPlatforms) = postSolution
		{5A7A4FB0-C081-41A0-976C-A91E8B36646E}.Debug|Any CPU.ActiveCfg = Debug|Any CPU
		{5A7A4FB0-C081-41A0-976C-A91E8B36646E}.Debug|Any CPU.Build.0 = Debug|Any CPU
		{5A7A4FB0-C081-41A0-976C-A91E8B36646E}.Release|Any CPU.ActiveCfg = Release|Any CPU
		{5A7A4FB0-C081-41A0-976C-A91E8B36646E}.Release|Any CPU.Build.0 = Release|Any CPU
	EndGlobalSection
	GlobalSection(SolutionProperties) = preSolution
		HideSolutionNode = FALSE
	EndGlobalSection
	GlobalSection(ExtensibilityGlobals) = postSolution
		SolutionGuid = {1B7B173D-611C-4223-B20D-BE0F2434D7CC}
	EndGlobalSection
EndGlobal
